// !$*UTF8*$!
{
	archiveVersion = 1;
	classes = {
	};
	objectVersion = 46;
	objects = {

/* Begin PBXBuildFile section */
		64519360203CB1DB00FB3954 /* AppDelegate.swift in Sources */ = {isa = PBXBuildFile; fileRef = 6451935F203CB1DB00FB3954 /* AppDelegate.swift */; };
		64519362203CB1DB00FB3954 /* ViewController.swift in Sources */ = {isa = PBXBuildFile; fileRef = 64519361203CB1DB00FB3954 /* ViewController.swift */; };
		64519365203CB1DB00FB3954 /* Main.storyboard in Resources */ = {isa = PBXBuildFile; fileRef = 64519363203CB1DB00FB3954 /* Main.storyboard */; };
		64519367203CB1DB00FB3954 /* Assets.xcassets in Resources */ = {isa = PBXBuildFile; fileRef = 64519366203CB1DB00FB3954 /* Assets.xcassets */; };
		6451936A203CB1DB00FB3954 /* LaunchScreen.storyboard in Resources */ = {isa = PBXBuildFile; fileRef = 64519368203CB1DB00FB3954 /* LaunchScreen.storyboard */; };
		64C6BB752040B816002B793A /* SearchVC.swift in Sources */ = {isa = PBXBuildFile; fileRef = 64C6BB742040B816002B793A /* SearchVC.swift */; };
		64C6BB772040CDC4002B793A /* AddPostVC.swift in Sources */ = {isa = PBXBuildFile; fileRef = 64C6BB762040CDC4002B793A /* AddPostVC.swift */; };
		F9D2BCA9204C1D380032ACF9 /* PhotoCollectionVIewCell.swift in Sources */ = {isa = PBXBuildFile; fileRef = F9D2BCA8204C1D380032ACF9 /* PhotoCollectionVIewCell.swift */; };
		F9D2BCAB204C24B00032ACF9 /* EditingVC.swift in Sources */ = {isa = PBXBuildFile; fileRef = F9D2BCAA204C24B00032ACF9 /* EditingVC.swift */; };
/* End PBXBuildFile section */

/* Begin PBXFileReference section */
		6451935C203CB1DB00FB3954 /* Tubelio.app */ = {isa = PBXFileReference; explicitFileType = wrapper.application; includeInIndex = 0; path = Tubelio.app; sourceTree = BUILT_PRODUCTS_DIR; };
		6451935F203CB1DB00FB3954 /* AppDelegate.swift */ = {isa = PBXFileReference; lastKnownFileType = sourcecode.swift; path = AppDelegate.swift; sourceTree = "<group>"; };
		64519361203CB1DB00FB3954 /* ViewController.swift */ = {isa = PBXFileReference; lastKnownFileType = sourcecode.swift; path = ViewController.swift; sourceTree = "<group>"; };
		64519364203CB1DB00FB3954 /* Base */ = {isa = PBXFileReference; lastKnownFileType = file.storyboard; name = Base; path = Base.lproj/Main.storyboard; sourceTree = "<group>"; };
		64519366203CB1DB00FB3954 /* Assets.xcassets */ = {isa = PBXFileReference; lastKnownFileType = folder.assetcatalog; path = Assets.xcassets; sourceTree = "<group>"; };
		64519369203CB1DB00FB3954 /* Base */ = {isa = PBXFileReference; lastKnownFileType = file.storyboard; name = Base; path = Base.lproj/LaunchScreen.storyboard; sourceTree = "<group>"; };
		6451936B203CB1DB00FB3954 /* Info.plist */ = {isa = PBXFileReference; lastKnownFileType = text.plist.xml; path = Info.plist; sourceTree = "<group>"; };
		64C6BB742040B816002B793A /* SearchVC.swift */ = {isa = PBXFileReference; fileEncoding = 4; lastKnownFileType = sourcecode.swift; path = SearchVC.swift; sourceTree = "<group>"; };
		64C6BB762040CDC4002B793A /* AddPostVC.swift */ = {isa = PBXFileReference; fileEncoding = 4; lastKnownFileType = sourcecode.swift; path = AddPostVC.swift; sourceTree = "<group>"; };
		F9D2BCA8204C1D380032ACF9 /* PhotoCollectionVIewCell.swift */ = {isa = PBXFileReference; lastKnownFileType = sourcecode.swift; path = PhotoCollectionVIewCell.swift; sourceTree = "<group>"; };
		F9D2BCAA204C24B00032ACF9 /* EditingVC.swift */ = {isa = PBXFileReference; lastKnownFileType = sourcecode.swift; path = EditingVC.swift; sourceTree = "<group>"; };
/* End PBXFileReference section */

/* Begin PBXFrameworksBuildPhase section */
		64519359203CB1DB00FB3954 /* Frameworks */ = {
			isa = PBXFrameworksBuildPhase;
			buildActionMask = 2147483647;
			files = (
			);
			runOnlyForDeploymentPostprocessing = 0;
		};
/* End PBXFrameworksBuildPhase section */

/* Begin PBXGroup section */
		64519353203CB1DB00FB3954 = {
			isa = PBXGroup;
			children = (
				6451935E203CB1DB00FB3954 /* Tubelio */,
				6451935D203CB1DB00FB3954 /* Products */,
			);
			sourceTree = "<group>";
		};
		6451935D203CB1DB00FB3954 /* Products */ = {
			isa = PBXGroup;
			children = (
				6451935C203CB1DB00FB3954 /* Tubelio.app */,
			);
			name = Products;
			sourceTree = "<group>";
		};
		6451935E203CB1DB00FB3954 /* Tubelio */ = {
			isa = PBXGroup;
			children = (
				F9D2BCA7204C1D100032ACF9 /* Views */,
				6451935F203CB1DB00FB3954 /* AppDelegate.swift */,
				64519361203CB1DB00FB3954 /* ViewController.swift */,
				64C6BB742040B816002B793A /* SearchVC.swift */,
				64C6BB762040CDC4002B793A /* AddPostVC.swift */,
				F9D2BCAA204C24B00032ACF9 /* EditingVC.swift */,
				64519363203CB1DB00FB3954 /* Main.storyboard */,
				64519366203CB1DB00FB3954 /* Assets.xcassets */,
				64519368203CB1DB00FB3954 /* LaunchScreen.storyboard */,
				6451936B203CB1DB00FB3954 /* Info.plist */,
			);
			path = Tubelio;
			sourceTree = "<group>";
		};
		F9D2BCA7204C1D100032ACF9 /* Views */ = {
			isa = PBXGroup;
			children = (
				F9D2BCA8204C1D380032ACF9 /* PhotoCollectionVIewCell.swift */,
			);
			path = Views;
			sourceTree = "<group>";
		};
/* End PBXGroup section */

/* Begin PBXNativeTarget section */
		6451935B203CB1DB00FB3954 /* Tubelio */ = {
			isa = PBXNativeTarget;
			buildConfigurationList = 6451936E203CB1DB00FB3954 /* Build configuration list for PBXNativeTarget "Tubelio" */;
			buildPhases = (
				64519358203CB1DB00FB3954 /* Sources */,
				64519359203CB1DB00FB3954 /* Frameworks */,
				6451935A203CB1DB00FB3954 /* Resources */,
			);
			buildRules = (
			);
			dependencies = (
			);
			name = Tubelio;
			productName = Tubelio;
			productReference = 6451935C203CB1DB00FB3954 /* Tubelio.app */;
			productType = "com.apple.product-type.application";
		};
/* End PBXNativeTarget section */

/* Begin PBXProject section */
		64519354203CB1DB00FB3954 /* Project object */ = {
			isa = PBXProject;
			attributes = {
				LastSwiftUpdateCheck = 0820;
				LastUpgradeCheck = 0820;
				ORGANIZATIONNAME = Sikander;
				TargetAttributes = {
					6451935B203CB1DB00FB3954 = {
						CreatedOnToolsVersion = 8.2;
						DevelopmentTeam = L9D8AX3QKA;
						ProvisioningStyle = Manual;
					};
				};
			};
			buildConfigurationList = 64519357203CB1DB00FB3954 /* Build configuration list for PBXProject "Tubelio" */;
			compatibilityVersion = "Xcode 3.2";
			developmentRegion = English;
			hasScannedForEncodings = 0;
			knownRegions = (
				en,
				Base,
			);
			mainGroup = 64519353203CB1DB00FB3954;
			productRefGroup = 6451935D203CB1DB00FB3954 /* Products */;
			projectDirPath = "";
			projectRoot = "";
			targets = (
				6451935B203CB1DB00FB3954 /* Tubelio */,
			);
		};
/* End PBXProject section */

/* Begin PBXResourcesBuildPhase section */
		6451935A203CB1DB00FB3954 /* Resources */ = {
			isa = PBXResourcesBuildPhase;
			buildActionMask = 2147483647;
			files = (
				6451936A203CB1DB00FB3954 /* LaunchScreen.storyboard in Resources */,
				64519367203CB1DB00FB3954 /* Assets.xcassets in Resources */,
				64519365203CB1DB00FB3954 /* Main.storyboard in Resources */,
			);
			runOnlyForDeploymentPostprocessing = 0;
		};
/* End PBXResourcesBuildPhase section */

/* Begin PBXSourcesBuildPhase section */
		64519358203CB1DB00FB3954 /* Sources */ = {
			isa = PBXSourcesBuildPhase;
			buildActionMask = 2147483647;
			files = (
				64C6BB752040B816002B793A /* SearchVC.swift in Sources */,
				64519362203CB1DB00FB3954 /* ViewController.swift in Sources */,
				F9D2BCA9204C1D380032ACF9 /* PhotoCollectionVIewCell.swift in Sources */,
				F9D2BCAB204C24B00032ACF9 /* EditingVC.swift in Sources */,
				64C6BB772040CDC4002B793A /* AddPostVC.swift in Sources */,
				64519360203CB1DB00FB3954 /* AppDelegate.swift in Sources */,
			);
			runOnlyForDeploymentPostprocessing = 0;
		};
/* End PBXSourcesBuildPhase section */

/* Begin PBXVariantGroup section */
		64519363203CB1DB00FB3954 /* Main.storyboard */ = {
			isa = PBXVariantGroup;
			children = (
				64519364203CB1DB00FB3954 /* Base */,
			);
			name = Main.storyboard;
			sourceTree = "<group>";
		};
		64519368203CB1DB00FB3954 /* LaunchScreen.storyboard */ = {
			isa = PBXVariantGroup;
			children = (
				64519369203CB1DB00FB3954 /* Base */,
			);
			name = LaunchScreen.storyboard;
			sourceTree = "<group>";
		};
/* End PBXVariantGroup section */

/* Begin XCBuildConfiguration section */
		6451936C203CB1DB00FB3954 /* Debug */ = {
			isa = XCBuildConfiguration;
			buildSettings = {
				ALWAYS_SEARCH_USER_PATHS = NO;
				CLANG_ANALYZER_NONNULL = YES;
				CLANG_CXX_LANGUAGE_STANDARD = "gnu++0x";
				CLANG_CXX_LIBRARY = "libc++";
				CLANG_ENABLE_MODULES = YES;
				CLANG_ENABLE_OBJC_ARC = YES;
				CLANG_WARN_BOOL_CONVERSION = YES;
				CLANG_WARN_CONSTANT_CONVERSION = YES;
				CLANG_WARN_DIRECT_OBJC_ISA_USAGE = YES_ERROR;
				CLANG_WARN_DOCUMENTATION_COMMENTS = YES;
				CLANG_WARN_EMPTY_BODY = YES;
				CLANG_WARN_ENUM_CONVERSION = YES;
				CLANG_WARN_INFINITE_RECURSION = YES;
				CLANG_WARN_INT_CONVERSION = YES;
				CLANG_WARN_OBJC_ROOT_CLASS = YES_ERROR;
				CLANG_WARN_SUSPICIOUS_MOVE = YES;
				CLANG_WARN_UNREACHABLE_CODE = YES;
				CLANG_WARN__DUPLICATE_METHOD_MATCH = YES;
				"CODE_SIGN_IDENTITY[sdk=iphoneos*]" = "iPhone Developer";
				COPY_PHASE_STRIP = NO;
				DEBUG_INFORMATION_FORMAT = dwarf;
				ENABLE_STRICT_OBJC_MSGSEND = YES;
				ENABLE_TESTABILITY = YES;
				GCC_C_LANGUAGE_STANDARD = gnu99;
				GCC_DYNAMIC_NO_PIC = NO;
				GCC_NO_COMMON_BLOCKS = YES;
				GCC_OPTIMIZATION_LEVEL = 0;
				GCC_PREPROCESSOR_DEFINITIONS = (
					"DEBUG=1",
					"$(inherited)",
				);
				GCC_WARN_64_TO_32_BIT_CONVERSION = YES;
				GCC_WARN_ABOUT_RETURN_TYPE = YES_ERROR;
				GCC_WARN_UNDECLARED_SELECTOR = YES;
				GCC_WARN_UNINITIALIZED_AUTOS = YES_AGGRESSIVE;
				GCC_WARN_UNUSED_FUNCTION = YES;
				GCC_WARN_UNUSED_VARIABLE = YES;
				IPHONEOS_DEPLOYMENT_TARGET = 10.2;
				MTL_ENABLE_DEBUG_INFO = YES;
				ONLY_ACTIVE_ARCH = YES;
				SDKROOT = iphoneos;
				SWIFT_ACTIVE_COMPILATION_CONDITIONS = DEBUG;
				SWIFT_OPTIMIZATION_LEVEL = "-Onone";
				TARGETED_DEVICE_FAMILY = "1,2";
			};
			name = Debug;
		};
		6451936D203CB1DB00FB3954 /* Release */ = {
			isa = XCBuildConfiguration;
			buildSettings = {
				ALWAYS_SEARCH_USER_PATHS = NO;
				CLANG_ANALYZER_NONNULL = YES;
				CLANG_CXX_LANGUAGE_STANDARD = "gnu++0x";
				CLANG_CXX_LIBRARY = "libc++";
				CLANG_ENABLE_MODULES = YES;
				CLANG_ENABLE_OBJC_ARC = YES;
				CLANG_WARN_BOOL_CONVERSION = YES;
				CLANG_WARN_CONSTANT_CONVERSION = YES;
				CLANG_WARN_DIRECT_OBJC_ISA_USAGE = YES_ERROR;
				CLANG_WARN_DOCUMENTATION_COMMENTS = YES;
				CLANG_WARN_EMPTY_BODY = YES;
				CLANG_WARN_ENUM_CONVERSION = YES;
				CLANG_WARN_INFINITE_RECURSION = YES;
				CLANG_WARN_INT_CONVERSION = YES;
				CLANG_WARN_OBJC_ROOT_CLASS = YES_ERROR;
				CLANG_WARN_SUSPICIOUS_MOVE = YES;
				CLANG_WARN_UNREACHABLE_CODE = YES;
				CLANG_WARN__DUPLICATE_METHOD_MATCH = YES;
				"CODE_SIGN_IDENTITY[sdk=iphoneos*]" = "iPhone Developer";
				COPY_PHASE_STRIP = NO;
				DEBUG_INFORMATION_FORMAT = "dwarf-with-dsym";
				ENABLE_NS_ASSERTIONS = NO;
				ENABLE_STRICT_OBJC_MSGSEND = YES;
				GCC_C_LANGUAGE_STANDARD = gnu99;
				GCC_NO_COMMON_BLOCKS = YES;
				GCC_WARN_64_TO_32_BIT_CONVERSION = YES;
				GCC_WARN_ABOUT_RETURN_TYPE = YES_ERROR;
				GCC_WARN_UNDECLARED_SELECTOR = YES;
				GCC_WARN_UNINITIALIZED_AUTOS = YES_AGGRESSIVE;
				GCC_WARN_UNUSED_FUNCTION = YES;
				GCC_WARN_UNUSED_VARIABLE = YES;
				IPHONEOS_DEPLOYMENT_TARGET = 10.2;
				MTL_ENABLE_DEBUG_INFO = NO;
				SDKROOT = iphoneos;
				SWIFT_OPTIMIZATION_LEVEL = "-Owholemodule";
				TARGETED_DEVICE_FAMILY = "1,2";
				VALIDATE_PRODUCT = YES;
			};
			name = Release;
		};
		6451936F203CB1DB00FB3954 /* Debug */ = {
			isa = XCBuildConfiguration;
			buildSettings = {
				ASSETCATALOG_COMPILER_APPICON_NAME = AppIcon;
				CODE_SIGN_IDENTITY = "iPhone Distribution: Dennis Duncan (L9D8AX3QKA)";
				DEVELOPMENT_TEAM = L9D8AX3QKA;
				INFOPLIST_FILE = Tubelio/Info.plist;
				LD_RUNPATH_SEARCH_PATHS = "$(inherited) @executable_path/Frameworks";
				PRODUCT_BUNDLE_IDENTIFIER = com.shopzee.quizapp;
				PRODUCT_NAME = "$(TARGET_NAME)";
				PROVISIONING_PROFILE = "5d08887e-6a5c-4125-ad99-5846066f7e61";
				PROVISIONING_PROFILE_SPECIFIER = "QuizApp Prod";
				SWIFT_VERSION = 3.0;
			};
			name = Debug;
		};
		64519370203CB1DB00FB3954 /* Release */ = {
			isa = XCBuildConfiguration;
			buildSettings = {
				ASSETCATALOG_COMPILER_APPICON_NAME = AppIcon;
				CODE_SIGN_IDENTITY = "iPhone Distribution: Dennis Duncan (L9D8AX3QKA)";
				DEVELOPMENT_TEAM = L9D8AX3QKA;
				INFOPLIST_FILE = Tubelio/Info.plist;
				LD_RUNPATH_SEARCH_PATHS = "$(inherited) @executable_path/Frameworks";
				PRODUCT_BUNDLE_IDENTIFIER = com.shopzee.quizapp;
				PRODUCT_NAME = "$(TARGET_NAME)";
				PROVISIONING_PROFILE = "5d08887e-6a5c-4125-ad99-5846066f7e61";
				PROVISIONING_PROFILE_SPECIFIER = "QuizApp Prod";
				SWIFT_VERSION = 3.0;
			};
			name = Release;
		};
/* End XCBuildConfiguration section */

/* Begin XCConfigurationList section */
		64519357203CB1DB00FB3954 /* Build configuration list for PBXProject "Tubelio" */ = {
			isa = XCConfigurationList;
			buildConfigurations = (
				6451936C203CB1DB00FB3954 /* Debug */,
				6451936D203CB1DB00FB3954 /* Release */,
			);
			defaultConfigurationIsVisible = 0;
			defaultConfigurationName = Release;
		};
		6451936E203CB1DB00FB3954 /* Build configuration list for PBXNativeTarget "Tubelio" */ = {
			isa = XCConfigurationList;
			buildConfigurations = (
				6451936F203CB1DB00FB3954 /* Debug */,
				64519370203CB1DB00FB3954 /* Release */,
			);
			defaultConfigurationIsVisible = 0;
			defaultConfigurationName = Release;
		};
/* End XCConfigurationList section */
	};
	rootObject = 64519354203CB1DB00FB3954 /* Project object */;
}
